// !$*UTF8*$!
{
	archiveVersion = 1;
	classes = {
	};
	objectVersion = 50;
	objects = {

/* Begin PBXBuildFile section */
		1605D9E225C45089008816E1 /* Category+CoreDataClass.swift in Sources */ = {isa = PBXBuildFile; fileRef = 1605D9DC25C45089008816E1 /* Category+CoreDataClass.swift */; };
		1605D9E325C45089008816E1 /* Category+CoreDataProperties.swift in Sources */ = {isa = PBXBuildFile; fileRef = 1605D9DD25C45089008816E1 /* Category+CoreDataProperties.swift */; };
		1605D9EA25C532B0008816E1 /* DirectoryPath.swift in Sources */ = {isa = PBXBuildFile; fileRef = 1605D9E925C532B0008816E1 /* DirectoryPath.swift */; };
		16068BF525D97C8B00C3040F /* CategoryController.swift in Sources */ = {isa = PBXBuildFile; fileRef = 16068BF325D97C8B00C3040F /* CategoryController.swift */; };
		16068BF625D97C8B00C3040F /* CategoryController.xib in Resources */ = {isa = PBXBuildFile; fileRef = 16068BF425D97C8B00C3040F /* CategoryController.xib */; };
		16068BFA25D97FAB00C3040F /* ComicBookListController.swift in Sources */ = {isa = PBXBuildFile; fileRef = 16068BF825D97FAB00C3040F /* ComicBookListController.swift */; };
		16068BFB25D97FAB00C3040F /* BookListController.xib in Resources */ = {isa = PBXBuildFile; fileRef = 16068BF925D97FAB00C3040F /* BookListController.xib */; };
		16068C0025D97FC500C3040F /* ComicBookController.swift in Sources */ = {isa = PBXBuildFile; fileRef = 16068BFE25D97FC500C3040F /* ComicBookController.swift */; };
		16068C0125D97FC500C3040F /* ComicBookController.xib in Resources */ = {isa = PBXBuildFile; fileRef = 16068BFF25D97FC500C3040F /* ComicBookController.xib */; };
		16068C0825D98AAB00C3040F /* ComicBookViewer.swift in Sources */ = {isa = PBXBuildFile; fileRef = 16068C0625D98AAB00C3040F /* ComicBookViewer.swift */; };
		16068C0925D98AAB00C3040F /* ComicBookViewer.xib in Resources */ = {isa = PBXBuildFile; fileRef = 16068C0725D98AAB00C3040F /* ComicBookViewer.xib */; };
		16068C1125D9913400C3040F /* CategoryTableDatasource.swift in Sources */ = {isa = PBXBuildFile; fileRef = 16068C1025D9913400C3040F /* CategoryTableDatasource.swift */; };
		16068C1525D9914200C3040F /* CategoryTableDelegate.swift in Sources */ = {isa = PBXBuildFile; fileRef = 16068C1425D9914200C3040F /* CategoryTableDelegate.swift */; };
		16068C1925D991BB00C3040F /* CategoryCell.swift in Sources */ = {isa = PBXBuildFile; fileRef = 16068C1725D991BB00C3040F /* CategoryCell.swift */; };
		16068C1A25D991BB00C3040F /* CategoryCell.xib in Resources */ = {isa = PBXBuildFile; fileRef = 16068C1825D991BB00C3040F /* CategoryCell.xib */; };
		1618DB1C263B1B3C00C393D8 /* SplitViewControllerDelegate.swift in Sources */ = {isa = PBXBuildFile; fileRef = 1618DB1B263B1B3C00C393D8 /* SplitViewControllerDelegate.swift */; };
		1618DB22263B714200C393D8 /* PageViewController.swift in Sources */ = {isa = PBXBuildFile; fileRef = 1618DB20263B714200C393D8 /* PageViewController.swift */; };
		1618DB23263B714200C393D8 /* PageViewController.xib in Resources */ = {isa = PBXBuildFile; fileRef = 1618DB21263B714200C393D8 /* PageViewController.xib */; };
		1618DB27263B727700C393D8 /* PageViewUISetup.swift in Sources */ = {isa = PBXBuildFile; fileRef = 1618DB26263B727700C393D8 /* PageViewUISetup.swift */; };
		1618DB2A263B731F00C393D8 /* ScrollViewDelegate.swift in Sources */ = {isa = PBXBuildFile; fileRef = 1618DB29263B731F00C393D8 /* ScrollViewDelegate.swift */; };
		1618DB2E263B73C600C393D8 /* PageViewLoadData.swift in Sources */ = {isa = PBXBuildFile; fileRef = 1618DB2D263B73C600C393D8 /* PageViewLoadData.swift */; };
		1641D7FF2623EB1E0003D1BC /* UIViewExtension.swift in Sources */ = {isa = PBXBuildFile; fileRef = 1641D7FE2623EB1E0003D1BC /* UIViewExtension.swift */; };
		1641E58D25E4F92600F25450 /* ComicBookViewerController.swift in Sources */ = {isa = PBXBuildFile; fileRef = 1641E58B25E4F92600F25450 /* ComicBookViewerController.swift */; };
		1641E58E25E4F92600F25450 /* ComicBookViewerController.xib in Resources */ = {isa = PBXBuildFile; fileRef = 1641E58C25E4F92600F25450 /* ComicBookViewerController.xib */; };
		1641E59425E50ACC00F25450 /* PageView.swift in Sources */ = {isa = PBXBuildFile; fileRef = 1641E59225E50ACC00F25450 /* PageView.swift */; };
		1641E59525E50ACC00F25450 /* PageView.xib in Resources */ = {isa = PBXBuildFile; fileRef = 1641E59325E50ACC00F25450 /* PageView.xib */; };
		1641E59925E51EEB00F25450 /* PageViewDatasource.swift in Sources */ = {isa = PBXBuildFile; fileRef = 1641E59825E51EEB00F25450 /* PageViewDatasource.swift */; };
		1641E59C25E51EF300F25450 /* PageViewDelegate.swift in Sources */ = {isa = PBXBuildFile; fileRef = 1641E59B25E51EF300F25450 /* PageViewDelegate.swift */; };
		16489AD425C4366400143581 /* AppDelegate.swift in Sources */ = {isa = PBXBuildFile; fileRef = 16489AD325C4366400143581 /* AppDelegate.swift */; };
		16489AD625C4366400143581 /* SceneDelegate.swift in Sources */ = {isa = PBXBuildFile; fileRef = 16489AD525C4366400143581 /* SceneDelegate.swift */; };
		16489ADB25C4366400143581 /* Main.storyboard in Resources */ = {isa = PBXBuildFile; fileRef = 16489AD925C4366400143581 /* Main.storyboard */; };
		16489ADD25C4366700143581 /* Assets.xcassets in Resources */ = {isa = PBXBuildFile; fileRef = 16489ADC25C4366700143581 /* Assets.xcassets */; };
		16489AE025C4366700143581 /* LaunchScreen.storyboard in Resources */ = {isa = PBXBuildFile; fileRef = 16489ADE25C4366700143581 /* LaunchScreen.storyboard */; };
		16489AEC25C4377000143581 /* CoreDataManager.swift in Sources */ = {isa = PBXBuildFile; fileRef = 16489AEB25C4377000143581 /* CoreDataManager.swift */; };
		16489AFE25C43C5900143581 /* ComicBookViewer.xcdatamodeld in Sources */ = {isa = PBXBuildFile; fileRef = 16489AFC25C43C5900143581 /* ComicBookViewer.xcdatamodeld */; };
		165F6FBD25E165EE002F1A68 /* ImagePickerControllerDelegate.swift in Sources */ = {isa = PBXBuildFile; fileRef = 165F6FBC25E165EE002F1A68 /* ImagePickerControllerDelegate.swift */; };
		165F6FC125E1663C002F1A68 /* NavigationControllerDelegate.swift in Sources */ = {isa = PBXBuildFile; fileRef = 165F6FC025E1663C002F1A68 /* NavigationControllerDelegate.swift */; };
		16747BE325DA5BF900663D3F /* BookTableDatasource.swift in Sources */ = {isa = PBXBuildFile; fileRef = 16747BE225DA5BF900663D3F /* BookTableDatasource.swift */; };
		16747BE625DA5C0400663D3F /* BookTableDelegate.swift in Sources */ = {isa = PBXBuildFile; fileRef = 16747BE525DA5C0400663D3F /* BookTableDelegate.swift */; };
		16747BEB25DA603C00663D3F /* BookCell.swift in Sources */ = {isa = PBXBuildFile; fileRef = 16747BE925DA603C00663D3F /* BookCell.swift */; };
		16747BEC25DA603C00663D3F /* BookCell.xib in Resources */ = {isa = PBXBuildFile; fileRef = 16747BEA25DA603C00663D3F /* BookCell.xib */; };
		169B2BFE25E2316A00A2D9C1 /* CollectionViewDelegate.swift in Sources */ = {isa = PBXBuildFile; fileRef = 169B2BFD25E2316A00A2D9C1 /* CollectionViewDelegate.swift */; };
		169B2C0225E2317600A2D9C1 /* CollectionViewDatasource.swift in Sources */ = {isa = PBXBuildFile; fileRef = 169B2C0125E2317600A2D9C1 /* CollectionViewDatasource.swift */; };
		169B2C0725E2335700A2D9C1 /* PageCell.swift in Sources */ = {isa = PBXBuildFile; fileRef = 169B2C0525E2335700A2D9C1 /* PageCell.swift */; };
		169B2C0825E2335700A2D9C1 /* PageCell.xib in Resources */ = {isa = PBXBuildFile; fileRef = 169B2C0625E2335700A2D9C1 /* PageCell.xib */; };
		169C009025E239B3007BF9F2 /* DocumentPickerController.swift in Sources */ = {isa = PBXBuildFile; fileRef = 169C008F25E239B3007BF9F2 /* DocumentPickerController.swift */; };
		169DCDCB26235397000FD328 /* UIImageExtension.swift in Sources */ = {isa = PBXBuildFile; fileRef = 169DCDCA26235397000FD328 /* UIImageExtension.swift */; };
		16B027E92619FA7500364FDA /* LoadData.swift in Sources */ = {isa = PBXBuildFile; fileRef = 16B027E82619FA7500364FDA /* LoadData.swift */; };
		16B027ED2619FB0800364FDA /* UISetup.swift in Sources */ = {isa = PBXBuildFile; fileRef = 16B027EC2619FB0800364FDA /* UISetup.swift */; };
		16B027F02619FB5F00364FDA /* TableView.swift in Sources */ = {isa = PBXBuildFile; fileRef = 16B027EF2619FB5F00364FDA /* TableView.swift */; };
		16B027F82619FCCE00364FDA /* Thumbnail.swift in Sources */ = {isa = PBXBuildFile; fileRef = 16B027F72619FCCE00364FDA /* Thumbnail.swift */; };
		16B027FB2619FDBA00364FDA /* Action.swift in Sources */ = {isa = PBXBuildFile; fileRef = 16B027FA2619FDBA00364FDA /* Action.swift */; };
		16B027FF261A034200364FDA /* CreateComicBookViewDelegate.swift in Sources */ = {isa = PBXBuildFile; fileRef = 16B027FE261A034200364FDA /* CreateComicBookViewDelegate.swift */; };
		16B02802261A03B500364FDA /* LoadComicBooks.swift in Sources */ = {isa = PBXBuildFile; fileRef = 16B02801261A03B500364FDA /* LoadComicBooks.swift */; };
		16C2016125CAB8A300D79C0F /* Page+CoreDataClass.swift in Sources */ = {isa = PBXBuildFile; fileRef = 16C2015F25CAB8A300D79C0F /* Page+CoreDataClass.swift */; };
		16C2016225CAB8A300D79C0F /* Page+CoreDataProperties.swift in Sources */ = {isa = PBXBuildFile; fileRef = 16C2016025CAB8A300D79C0F /* Page+CoreDataProperties.swift */; };
		16CBBF7225DBA4CA001C1B1E /* ComicBook+CoreDataClass.swift in Sources */ = {isa = PBXBuildFile; fileRef = 16CBBF7025DBA4CA001C1B1E /* ComicBook+CoreDataClass.swift */; };
		16CBBF7325DBA4CA001C1B1E /* ComicBook+CoreDataProperties.swift in Sources */ = {isa = PBXBuildFile; fileRef = 16CBBF7125DBA4CA001C1B1E /* ComicBook+CoreDataProperties.swift */; };
		16CBBF7725DBA5E8001C1B1E /* CreateComicBookView.swift in Sources */ = {isa = PBXBuildFile; fileRef = 16CBBF7625DBA5E8001C1B1E /* CreateComicBookView.swift */; };
		16CBBF7B25DBA608001C1B1E /* CreateComicBookView.xib in Resources */ = {isa = PBXBuildFile; fileRef = 16CBBF7A25DBA608001C1B1E /* CreateComicBookView.xib */; };
/* End PBXBuildFile section */

/* Begin PBXFileReference section */
		1605D9DC25C45089008816E1 /* Category+CoreDataClass.swift */ = {isa = PBXFileReference; lastKnownFileType = sourcecode.swift; path = "Category+CoreDataClass.swift"; sourceTree = "<group>"; };
		1605D9DD25C45089008816E1 /* Category+CoreDataProperties.swift */ = {isa = PBXFileReference; lastKnownFileType = sourcecode.swift; path = "Category+CoreDataProperties.swift"; sourceTree = "<group>"; };
		1605D9E925C532B0008816E1 /* DirectoryPath.swift */ = {isa = PBXFileReference; lastKnownFileType = sourcecode.swift; path = DirectoryPath.swift; sourceTree = "<group>"; };
		16068BF325D97C8B00C3040F /* CategoryController.swift */ = {isa = PBXFileReference; lastKnownFileType = sourcecode.swift; path = CategoryController.swift; sourceTree = "<group>"; };
		16068BF425D97C8B00C3040F /* CategoryController.xib */ = {isa = PBXFileReference; lastKnownFileType = file.xib; path = CategoryController.xib; sourceTree = "<group>"; };
		16068BF825D97FAB00C3040F /* ComicBookListController.swift */ = {isa = PBXFileReference; lastKnownFileType = sourcecode.swift; path = ComicBookListController.swift; sourceTree = "<group>"; };
		16068BF925D97FAB00C3040F /* BookListController.xib */ = {isa = PBXFileReference; lastKnownFileType = file.xib; path = BookListController.xib; sourceTree = "<group>"; };
		16068BFE25D97FC500C3040F /* ComicBookController.swift */ = {isa = PBXFileReference; lastKnownFileType = sourcecode.swift; path = ComicBookController.swift; sourceTree = "<group>"; };
		16068BFF25D97FC500C3040F /* ComicBookController.xib */ = {isa = PBXFileReference; lastKnownFileType = file.xib; path = ComicBookController.xib; sourceTree = "<group>"; };
		16068C0625D98AAB00C3040F /* ComicBookViewer.swift */ = {isa = PBXFileReference; lastKnownFileType = sourcecode.swift; path = ComicBookViewer.swift; sourceTree = "<group>"; };
		16068C0725D98AAB00C3040F /* ComicBookViewer.xib */ = {isa = PBXFileReference; lastKnownFileType = file.xib; path = ComicBookViewer.xib; sourceTree = "<group>"; };
		16068C1025D9913400C3040F /* CategoryTableDatasource.swift */ = {isa = PBXFileReference; lastKnownFileType = sourcecode.swift; path = CategoryTableDatasource.swift; sourceTree = "<group>"; };
		16068C1425D9914200C3040F /* CategoryTableDelegate.swift */ = {isa = PBXFileReference; lastKnownFileType = sourcecode.swift; path = CategoryTableDelegate.swift; sourceTree = "<group>"; };
		16068C1725D991BB00C3040F /* CategoryCell.swift */ = {isa = PBXFileReference; lastKnownFileType = sourcecode.swift; path = CategoryCell.swift; sourceTree = "<group>"; };
		16068C1825D991BB00C3040F /* CategoryCell.xib */ = {isa = PBXFileReference; lastKnownFileType = file.xib; path = CategoryCell.xib; sourceTree = "<group>"; };
		1618DB1B263B1B3C00C393D8 /* SplitViewControllerDelegate.swift */ = {isa = PBXFileReference; lastKnownFileType = sourcecode.swift; path = SplitViewControllerDelegate.swift; sourceTree = "<group>"; };
		1618DB20263B714200C393D8 /* PageViewController.swift */ = {isa = PBXFileReference; lastKnownFileType = sourcecode.swift; path = PageViewController.swift; sourceTree = "<group>"; };
		1618DB21263B714200C393D8 /* PageViewController.xib */ = {isa = PBXFileReference; lastKnownFileType = file.xib; path = PageViewController.xib; sourceTree = "<group>"; };
		1618DB26263B727700C393D8 /* PageViewUISetup.swift */ = {isa = PBXFileReference; lastKnownFileType = sourcecode.swift; path = PageViewUISetup.swift; sourceTree = "<group>"; };
		1618DB29263B731F00C393D8 /* ScrollViewDelegate.swift */ = {isa = PBXFileReference; lastKnownFileType = sourcecode.swift; path = ScrollViewDelegate.swift; sourceTree = "<group>"; };
		1618DB2D263B73C600C393D8 /* PageViewLoadData.swift */ = {isa = PBXFileReference; lastKnownFileType = sourcecode.swift; path = PageViewLoadData.swift; sourceTree = "<group>"; };
		1641D7FE2623EB1E0003D1BC /* UIViewExtension.swift */ = {isa = PBXFileReference; lastKnownFileType = sourcecode.swift; path = UIViewExtension.swift; sourceTree = "<group>"; };
		1641E58B25E4F92600F25450 /* ComicBookViewerController.swift */ = {isa = PBXFileReference; lastKnownFileType = sourcecode.swift; path = ComicBookViewerController.swift; sourceTree = "<group>"; };
		1641E58C25E4F92600F25450 /* ComicBookViewerController.xib */ = {isa = PBXFileReference; lastKnownFileType = file.xib; path = ComicBookViewerController.xib; sourceTree = "<group>"; };
		1641E59225E50ACC00F25450 /* PageView.swift */ = {isa = PBXFileReference; lastKnownFileType = sourcecode.swift; path = PageView.swift; sourceTree = "<group>"; };
		1641E59325E50ACC00F25450 /* PageView.xib */ = {isa = PBXFileReference; lastKnownFileType = file.xib; path = PageView.xib; sourceTree = "<group>"; };
		1641E59825E51EEB00F25450 /* PageViewDatasource.swift */ = {isa = PBXFileReference; lastKnownFileType = sourcecode.swift; path = PageViewDatasource.swift; sourceTree = "<group>"; };
		1641E59B25E51EF300F25450 /* PageViewDelegate.swift */ = {isa = PBXFileReference; lastKnownFileType = sourcecode.swift; path = PageViewDelegate.swift; sourceTree = "<group>"; };
		16489AD025C4366400143581 /* CoreDataSample.app */ = {isa = PBXFileReference; explicitFileType = wrapper.application; includeInIndex = 0; path = CoreDataSample.app; sourceTree = BUILT_PRODUCTS_DIR; };
		16489AD325C4366400143581 /* AppDelegate.swift */ = {isa = PBXFileReference; lastKnownFileType = sourcecode.swift; path = AppDelegate.swift; sourceTree = "<group>"; };
		16489AD525C4366400143581 /* SceneDelegate.swift */ = {isa = PBXFileReference; lastKnownFileType = sourcecode.swift; path = SceneDelegate.swift; sourceTree = "<group>"; };
		16489ADA25C4366400143581 /* Base */ = {isa = PBXFileReference; lastKnownFileType = file.storyboard; name = Base; path = Base.lproj/Main.storyboard; sourceTree = "<group>"; };
		16489ADC25C4366700143581 /* Assets.xcassets */ = {isa = PBXFileReference; lastKnownFileType = folder.assetcatalog; path = Assets.xcassets; sourceTree = "<group>"; };
		16489ADF25C4366700143581 /* Base */ = {isa = PBXFileReference; lastKnownFileType = file.storyboard; name = Base; path = Base.lproj/LaunchScreen.storyboard; sourceTree = "<group>"; };
		16489AE125C4366700143581 /* Info.plist */ = {isa = PBXFileReference; lastKnownFileType = text.plist.xml; path = Info.plist; sourceTree = "<group>"; };
		16489AEB25C4377000143581 /* CoreDataManager.swift */ = {isa = PBXFileReference; lastKnownFileType = sourcecode.swift; path = CoreDataManager.swift; sourceTree = "<group>"; };
		16489AFD25C43C5900143581 /* ComicBookViewer.xcdatamodel */ = {isa = PBXFileReference; lastKnownFileType = wrapper.xcdatamodel; path = ComicBookViewer.xcdatamodel; sourceTree = "<group>"; };
		165F6FBC25E165EE002F1A68 /* ImagePickerControllerDelegate.swift */ = {isa = PBXFileReference; lastKnownFileType = sourcecode.swift; path = ImagePickerControllerDelegate.swift; sourceTree = "<group>"; };
		165F6FC025E1663C002F1A68 /* NavigationControllerDelegate.swift */ = {isa = PBXFileReference; lastKnownFileType = sourcecode.swift; path = NavigationControllerDelegate.swift; sourceTree = "<group>"; };
		16747BE225DA5BF900663D3F /* BookTableDatasource.swift */ = {isa = PBXFileReference; lastKnownFileType = sourcecode.swift; path = BookTableDatasource.swift; sourceTree = "<group>"; };
		16747BE525DA5C0400663D3F /* BookTableDelegate.swift */ = {isa = PBXFileReference; lastKnownFileType = sourcecode.swift; path = BookTableDelegate.swift; sourceTree = "<group>"; };
		16747BE925DA603C00663D3F /* BookCell.swift */ = {isa = PBXFileReference; lastKnownFileType = sourcecode.swift; path = BookCell.swift; sourceTree = "<group>"; };
		16747BEA25DA603C00663D3F /* BookCell.xib */ = {isa = PBXFileReference; lastKnownFileType = file.xib; path = BookCell.xib; sourceTree = "<group>"; };
		169B2BFD25E2316A00A2D9C1 /* CollectionViewDelegate.swift */ = {isa = PBXFileReference; lastKnownFileType = sourcecode.swift; path = CollectionViewDelegate.swift; sourceTree = "<group>"; };
		169B2C0125E2317600A2D9C1 /* CollectionViewDatasource.swift */ = {isa = PBXFileReference; lastKnownFileType = sourcecode.swift; path = CollectionViewDatasource.swift; sourceTree = "<group>"; };
		169B2C0525E2335700A2D9C1 /* PageCell.swift */ = {isa = PBXFileReference; lastKnownFileType = sourcecode.swift; path = PageCell.swift; sourceTree = "<group>"; };
		169B2C0625E2335700A2D9C1 /* PageCell.xib */ = {isa = PBXFileReference; lastKnownFileType = file.xib; path = PageCell.xib; sourceTree = "<group>"; };
		169C008F25E239B3007BF9F2 /* DocumentPickerController.swift */ = {isa = PBXFileReference; lastKnownFileType = sourcecode.swift; path = DocumentPickerController.swift; sourceTree = "<group>"; };
		169DCDCA26235397000FD328 /* UIImageExtension.swift */ = {isa = PBXFileReference; lastKnownFileType = sourcecode.swift; path = UIImageExtension.swift; sourceTree = "<group>"; };
		16B027E82619FA7500364FDA /* LoadData.swift */ = {isa = PBXFileReference; lastKnownFileType = sourcecode.swift; path = LoadData.swift; sourceTree = "<group>"; };
		16B027EC2619FB0800364FDA /* UISetup.swift */ = {isa = PBXFileReference; lastKnownFileType = sourcecode.swift; path = UISetup.swift; sourceTree = "<group>"; };
		16B027EF2619FB5F00364FDA /* TableView.swift */ = {isa = PBXFileReference; lastKnownFileType = sourcecode.swift; path = TableView.swift; sourceTree = "<group>"; };
		16B027F72619FCCE00364FDA /* Thumbnail.swift */ = {isa = PBXFileReference; lastKnownFileType = sourcecode.swift; path = Thumbnail.swift; sourceTree = "<group>"; };
		16B027FA2619FDBA00364FDA /* Action.swift */ = {isa = PBXFileReference; lastKnownFileType = sourcecode.swift; path = Action.swift; sourceTree = "<group>"; };
		16B027FE261A034200364FDA /* CreateComicBookViewDelegate.swift */ = {isa = PBXFileReference; lastKnownFileType = sourcecode.swift; path = CreateComicBookViewDelegate.swift; sourceTree = "<group>"; };
		16B02801261A03B500364FDA /* LoadComicBooks.swift */ = {isa = PBXFileReference; lastKnownFileType = sourcecode.swift; path = LoadComicBooks.swift; sourceTree = "<group>"; };
		16C2015F25CAB8A300D79C0F /* Page+CoreDataClass.swift */ = {isa = PBXFileReference; lastKnownFileType = sourcecode.swift; name = "Page+CoreDataClass.swift"; path = "../../Page+CoreDataClass.swift"; sourceTree = "<group>"; };
		16C2016025CAB8A300D79C0F /* Page+CoreDataProperties.swift */ = {isa = PBXFileReference; lastKnownFileType = sourcecode.swift; name = "Page+CoreDataProperties.swift"; path = "../../Page+CoreDataProperties.swift"; sourceTree = "<group>"; };
		16CBBF7025DBA4CA001C1B1E /* ComicBook+CoreDataClass.swift */ = {isa = PBXFileReference; lastKnownFileType = sourcecode.swift; path = "ComicBook+CoreDataClass.swift"; sourceTree = "<group>"; };
		16CBBF7125DBA4CA001C1B1E /* ComicBook+CoreDataProperties.swift */ = {isa = PBXFileReference; lastKnownFileType = sourcecode.swift; path = "ComicBook+CoreDataProperties.swift"; sourceTree = "<group>"; };
		16CBBF7625DBA5E8001C1B1E /* CreateComicBookView.swift */ = {isa = PBXFileReference; lastKnownFileType = sourcecode.swift; path = CreateComicBookView.swift; sourceTree = "<group>"; };
		16CBBF7A25DBA608001C1B1E /* CreateComicBookView.xib */ = {isa = PBXFileReference; lastKnownFileType = file.xib; path = CreateComicBookView.xib; sourceTree = "<group>"; };
/* End PBXFileReference section */

/* Begin PBXFrameworksBuildPhase section */
		16489ACD25C4366400143581 /* Frameworks */ = {
			isa = PBXFrameworksBuildPhase;
			buildActionMask = 2147483647;
			files = (
			);
			runOnlyForDeploymentPostprocessing = 0;
		};
/* End PBXFrameworksBuildPhase section */

/* Begin PBXGroup section */
		1605D9E825C53296008816E1 /* Common */ = {
			isa = PBXGroup;
			children = (
				1605D9E925C532B0008816E1 /* DirectoryPath.swift */,
			);
			path = Common;
			sourceTree = "<group>";
		};
		16068C0E25D990FA00C3040F /* Extension */ = {
			isa = PBXGroup;
			children = (
				16068C1025D9913400C3040F /* CategoryTableDatasource.swift */,
				16068C1425D9914200C3040F /* CategoryTableDelegate.swift */,
				16B027E82619FA7500364FDA /* LoadData.swift */,
				16B027EF2619FB5F00364FDA /* TableView.swift */,
				16B027EC2619FB0800364FDA /* UISetup.swift */,
			);
			path = Extension;
			sourceTree = "<group>";
		};
		16068C0F25D9910500C3040F /* CategoryCell */ = {
			isa = PBXGroup;
			children = (
				16068C1725D991BB00C3040F /* CategoryCell.swift */,
				16068C1825D991BB00C3040F /* CategoryCell.xib */,
			);
			path = CategoryCell;
			sourceTree = "<group>";
		};
		1618DB1F263B710D00C393D8 /* PageViewControllerr */ = {
			isa = PBXGroup;
			children = (
				1618DB25263B71C800C393D8 /* Extension */,
				1618DB20263B714200C393D8 /* PageViewController.swift */,
				1618DB21263B714200C393D8 /* PageViewController.xib */,
			);
			path = PageViewControllerr;
			sourceTree = "<group>";
		};
		1618DB25263B71C800C393D8 /* Extension */ = {
			isa = PBXGroup;
			children = (
				1618DB26263B727700C393D8 /* PageViewUISetup.swift */,
				1618DB29263B731F00C393D8 /* ScrollViewDelegate.swift */,
				1618DB2D263B73C600C393D8 /* PageViewLoadData.swift */,
			);
			path = Extension;
			sourceTree = "<group>";
		};
		1641E54925E4E55E00F25450 /* ComicBookViewer2 */ = {
			isa = PBXGroup;
			children = (
				1641E59725E51ED300F25450 /* Extension */,
				1641E58B25E4F92600F25450 /* ComicBookViewerController.swift */,
				1641E58C25E4F92600F25450 /* ComicBookViewerController.xib */,
			);
			path = ComicBookViewer2;
			sourceTree = "<group>";
		};
		1641E58625E4F74300F25450 /* PageView */ = {
			isa = PBXGroup;
			children = (
				1641E59225E50ACC00F25450 /* PageView.swift */,
				1641E59325E50ACC00F25450 /* PageView.xib */,
			);
			path = PageView;
			sourceTree = "<group>";
		};
		1641E59725E51ED300F25450 /* Extension */ = {
			isa = PBXGroup;
			children = (
				1641E59825E51EEB00F25450 /* PageViewDatasource.swift */,
				1641E59B25E51EF300F25450 /* PageViewDelegate.swift */,
			);
			path = Extension;
			sourceTree = "<group>";
		};
		16489AC725C4366400143581 = {
			isa = PBXGroup;
			children = (
				16489AE925C4373300143581 /* App Delegate */,
				16E4032B25D96D9C005138DF /* CategoryController */,
				16E4032C25D96DAA005138DF /* BookListController */,
				16CBBF7525DBA578001C1B1E /* AddComicBook */,
				16E4032D25D96DC0005138DF /* ComicBookController */,
				16E4032E25D96DEB005138DF /* ComicBookViewer */,
				1641E54925E4E55E00F25450 /* ComicBookViewer2 */,
				1641E58625E4F74300F25450 /* PageView */,
				1618DB1F263B710D00C393D8 /* PageViewControllerr */,
				16489AE825C4368900143581 /* CoreDataManager */,
				169DCDC92623537F000FD328 /* Extension */,
				16489AD225C4366400143581 /* CoreDataSample */,
				16489AFB25C43C4000143581 /* Database */,
				1605D9E825C53296008816E1 /* Common */,
				16489ADC25C4366700143581 /* Assets.xcassets */,
				16489AD125C4366400143581 /* Products */,
			);
			sourceTree = "<group>";
		};
		16489AD125C4366400143581 /* Products */ = {
			isa = PBXGroup;
			children = (
				16489AD025C4366400143581 /* CoreDataSample.app */,
			);
			name = Products;
			sourceTree = "<group>";
		};
		16489AD225C4366400143581 /* CoreDataSample */ = {
			isa = PBXGroup;
			children = (
				16489ADE25C4366700143581 /* LaunchScreen.storyboard */,
				16489AE125C4366700143581 /* Info.plist */,
			);
			path = CoreDataSample;
			sourceTree = "<group>";
		};
		16489AE825C4368900143581 /* CoreDataManager */ = {
			isa = PBXGroup;
			children = (
				16489AEB25C4377000143581 /* CoreDataManager.swift */,
			);
			path = CoreDataManager;
			sourceTree = "<group>";
		};
		16489AE925C4373300143581 /* App Delegate */ = {
			isa = PBXGroup;
			children = (
				16489AD325C4366400143581 /* AppDelegate.swift */,
				16489AD525C4366400143581 /* SceneDelegate.swift */,
				1618DB1B263B1B3C00C393D8 /* SplitViewControllerDelegate.swift */,
				16489AD925C4366400143581 /* Main.storyboard */,
			);
			path = "App Delegate";
			sourceTree = "<group>";
		};
		16489AFB25C43C4000143581 /* Database */ = {
			isa = PBXGroup;
			children = (
				16489AFC25C43C5900143581 /* ComicBookViewer.xcdatamodeld */,
				16489B0025C4421A00143581 /* Model */,
			);
			path = Database;
			sourceTree = "<group>";
		};
		16489B0025C4421A00143581 /* Model */ = {
			isa = PBXGroup;
			children = (
				1605D9DC25C45089008816E1 /* Category+CoreDataClass.swift */,
				1605D9DD25C45089008816E1 /* Category+CoreDataProperties.swift */,
				16CBBF7025DBA4CA001C1B1E /* ComicBook+CoreDataClass.swift */,
				16CBBF7125DBA4CA001C1B1E /* ComicBook+CoreDataProperties.swift */,
				16C2015F25CAB8A300D79C0F /* Page+CoreDataClass.swift */,
				16C2016025CAB8A300D79C0F /* Page+CoreDataProperties.swift */,
			);
			path = Model;
			sourceTree = "<group>";
		};
		165F6FBB25E165D9002F1A68 /* Extension */ = {
			isa = PBXGroup;
			children = (
				165F6FBC25E165EE002F1A68 /* ImagePickerControllerDelegate.swift */,
				165F6FC025E1663C002F1A68 /* NavigationControllerDelegate.swift */,
				16B027F72619FCCE00364FDA /* Thumbnail.swift */,
				16B027FA2619FDBA00364FDA /* Action.swift */,
			);
			path = Extension;
			sourceTree = "<group>";
		};
		16747BE125DA5BD700663D3F /* Extension */ = {
			isa = PBXGroup;
			children = (
				16747BE225DA5BF900663D3F /* BookTableDatasource.swift */,
				16747BE525DA5C0400663D3F /* BookTableDelegate.swift */,
				16B027FE261A034200364FDA /* CreateComicBookViewDelegate.swift */,
				16B02801261A03B500364FDA /* LoadComicBooks.swift */,
			);
			path = Extension;
			sourceTree = "<group>";
		};
		16747BE825DA601B00663D3F /* BookCell */ = {
			isa = PBXGroup;
			children = (
				16747BE925DA603C00663D3F /* BookCell.swift */,
				16747BEA25DA603C00663D3F /* BookCell.xib */,
			);
			path = BookCell;
			sourceTree = "<group>";
		};
		169B2BFC25E22DEA00A2D9C1 /* Extension */ = {
			isa = PBXGroup;
			children = (
				169B2C0125E2317600A2D9C1 /* CollectionViewDatasource.swift */,
				169B2BFD25E2316A00A2D9C1 /* CollectionViewDelegate.swift */,
				169C008F25E239B3007BF9F2 /* DocumentPickerController.swift */,
			);
			path = Extension;
			sourceTree = "<group>";
		};
		169B2C0425E2332100A2D9C1 /* Cell */ = {
			isa = PBXGroup;
			children = (
				169B2C0525E2335700A2D9C1 /* PageCell.swift */,
				169B2C0625E2335700A2D9C1 /* PageCell.xib */,
			);
			path = Cell;
			sourceTree = "<group>";
		};
		169DCDC92623537F000FD328 /* Extension */ = {
			isa = PBXGroup;
			children = (
				169DCDCA26235397000FD328 /* UIImageExtension.swift */,
				1641D7FE2623EB1E0003D1BC /* UIViewExtension.swift */,
			);
			path = Extension;
			sourceTree = "<group>";
		};
		16CBBF7525DBA578001C1B1E /* AddComicBook */ = {
			isa = PBXGroup;
			children = (
				165F6FBB25E165D9002F1A68 /* Extension */,
				16CBBF7625DBA5E8001C1B1E /* CreateComicBookView.swift */,
				16CBBF7A25DBA608001C1B1E /* CreateComicBookView.xib */,
			);
			path = AddComicBook;
			sourceTree = "<group>";
		};
		16E4032B25D96D9C005138DF /* CategoryController */ = {
			isa = PBXGroup;
			children = (
				16068C0E25D990FA00C3040F /* Extension */,
				16068C0F25D9910500C3040F /* CategoryCell */,
				16068BF325D97C8B00C3040F /* CategoryController.swift */,
				16068BF425D97C8B00C3040F /* CategoryController.xib */,
			);
			path = CategoryController;
			sourceTree = "<group>";
		};
		16E4032C25D96DAA005138DF /* BookListController */ = {
			isa = PBXGroup;
			children = (
				16747BE125DA5BD700663D3F /* Extension */,
				16747BE825DA601B00663D3F /* BookCell */,
				16068BF825D97FAB00C3040F /* ComicBookListController.swift */,
				16068BF925D97FAB00C3040F /* BookListController.xib */,
			);
			path = BookListController;
			sourceTree = "<group>";
		};
		16E4032D25D96DC0005138DF /* ComicBookController */ = {
			isa = PBXGroup;
			children = (
				169B2BFC25E22DEA00A2D9C1 /* Extension */,
				169B2C0425E2332100A2D9C1 /* Cell */,
				16068BFE25D97FC500C3040F /* ComicBookController.swift */,
				16068BFF25D97FC500C3040F /* ComicBookController.xib */,
			);
			path = ComicBookController;
			sourceTree = "<group>";
		};
		16E4032E25D96DEB005138DF /* ComicBookViewer */ = {
			isa = PBXGroup;
			children = (
				16068C0625D98AAB00C3040F /* ComicBookViewer.swift */,
				16068C0725D98AAB00C3040F /* ComicBookViewer.xib */,
			);
			path = ComicBookViewer;
			sourceTree = "<group>";
		};
/* End PBXGroup section */

/* Begin PBXNativeTarget section */
		16489ACF25C4366400143581 /* CoreDataSample */ = {
			isa = PBXNativeTarget;
			buildConfigurationList = 16489AE425C4366700143581 /* Build configuration list for PBXNativeTarget "CoreDataSample" */;
			buildPhases = (
				16489ACC25C4366400143581 /* Sources */,
				16489ACD25C4366400143581 /* Frameworks */,
				16489ACE25C4366400143581 /* Resources */,
			);
			buildRules = (
			);
			dependencies = (
			);
			name = CoreDataSample;
			productName = CoreDataSample;
			productReference = 16489AD025C4366400143581 /* CoreDataSample.app */;
			productType = "com.apple.product-type.application";
		};
/* End PBXNativeTarget section */

/* Begin PBXProject section */
		16489AC825C4366400143581 /* Project object */ = {
			isa = PBXProject;
			attributes = {
				LastSwiftUpdateCheck = 1240;
				LastUpgradeCheck = 1240;
				TargetAttributes = {
					16489ACF25C4366400143581 = {
						CreatedOnToolsVersion = 12.4;
					};
				};
			};
			buildConfigurationList = 16489ACB25C4366400143581 /* Build configuration list for PBXProject "CoreDataSample" */;
			compatibilityVersion = "Xcode 9.3";
			developmentRegion = en;
			hasScannedForEncodings = 0;
			knownRegions = (
				en,
				Base,
			);
			mainGroup = 16489AC725C4366400143581;
			productRefGroup = 16489AD125C4366400143581 /* Products */;
			projectDirPath = "";
			projectRoot = "";
			targets = (
				16489ACF25C4366400143581 /* CoreDataSample */,
			);
		};
/* End PBXProject section */

/* Begin PBXResourcesBuildPhase section */
		16489ACE25C4366400143581 /* Resources */ = {
			isa = PBXResourcesBuildPhase;
			buildActionMask = 2147483647;
			files = (
				16068C0925D98AAB00C3040F /* ComicBookViewer.xib in Resources */,
				16489AE025C4366700143581 /* LaunchScreen.storyboard in Resources */,
				1641E58E25E4F92600F25450 /* ComicBookViewerController.xib in Resources */,
				169B2C0825E2335700A2D9C1 /* PageCell.xib in Resources */,
				1641E59525E50ACC00F25450 /* PageView.xib in Resources */,
				16068BF625D97C8B00C3040F /* CategoryController.xib in Resources */,
				16068C0125D97FC500C3040F /* ComicBookController.xib in Resources */,
				16489ADD25C4366700143581 /* Assets.xcassets in Resources */,
				16068BFB25D97FAB00C3040F /* BookListController.xib in Resources */,
				1618DB23263B714200C393D8 /* PageViewController.xib in Resources */,
				16068C1A25D991BB00C3040F /* CategoryCell.xib in Resources */,
				16747BEC25DA603C00663D3F /* BookCell.xib in Resources */,
				16489ADB25C4366400143581 /* Main.storyboard in Resources */,
				16CBBF7B25DBA608001C1B1E /* CreateComicBookView.xib in Resources */,
			);
			runOnlyForDeploymentPostprocessing = 0;
		};
/* End PBXResourcesBuildPhase section */

/* Begin PBXSourcesBuildPhase section */
		16489ACC25C4366400143581 /* Sources */ = {
			isa = PBXSourcesBuildPhase;
			buildActionMask = 2147483647;
			files = (
				1605D9EA25C532B0008816E1 /* DirectoryPath.swift in Sources */,
				16B027ED2619FB0800364FDA /* UISetup.swift in Sources */,
				16068BF525D97C8B00C3040F /* CategoryController.swift in Sources */,
				1641E58D25E4F92600F25450 /* ComicBookViewerController.swift in Sources */,
				1641D7FF2623EB1E0003D1BC /* UIViewExtension.swift in Sources */,
				169B2C0225E2317600A2D9C1 /* CollectionViewDatasource.swift in Sources */,
				1641E59C25E51EF300F25450 /* PageViewDelegate.swift in Sources */,
				16068BFA25D97FAB00C3040F /* ComicBookListController.swift in Sources */,
				16489AEC25C4377000143581 /* CoreDataManager.swift in Sources */,
				16CBBF7225DBA4CA001C1B1E /* ComicBook+CoreDataClass.swift in Sources */,
				169B2BFE25E2316A00A2D9C1 /* CollectionViewDelegate.swift in Sources */,
				1605D9E225C45089008816E1 /* Category+CoreDataClass.swift in Sources */,
				1618DB1C263B1B3C00C393D8 /* SplitViewControllerDelegate.swift in Sources */,
				165F6FC125E1663C002F1A68 /* NavigationControllerDelegate.swift in Sources */,
				16489AD425C4366400143581 /* AppDelegate.swift in Sources */,
				169B2C0725E2335700A2D9C1 /* PageCell.swift in Sources */,
				16B027FB2619FDBA00364FDA /* Action.swift in Sources */,
				16B027F82619FCCE00364FDA /* Thumbnail.swift in Sources */,
				16B027FF261A034200364FDA /* CreateComicBookViewDelegate.swift in Sources */,
				1618DB27263B727700C393D8 /* PageViewUISetup.swift in Sources */,
				16C2016125CAB8A300D79C0F /* Page+CoreDataClass.swift in Sources */,
				1618DB2A263B731F00C393D8 /* ScrollViewDelegate.swift in Sources */,
				165F6FBD25E165EE002F1A68 /* ImagePickerControllerDelegate.swift in Sources */,
				1641E59925E51EEB00F25450 /* PageViewDatasource.swift in Sources */,
				16068C1925D991BB00C3040F /* CategoryCell.swift in Sources */,
				16B027E92619FA7500364FDA /* LoadData.swift in Sources */,
				16747BE625DA5C0400663D3F /* BookTableDelegate.swift in Sources */,
				169DCDCB26235397000FD328 /* UIImageExtension.swift in Sources */,
				1618DB22263B714200C393D8 /* PageViewController.swift in Sources */,
				1605D9E325C45089008816E1 /* Category+CoreDataProperties.swift in Sources */,
				16068C1525D9914200C3040F /* CategoryTableDelegate.swift in Sources */,
				16CBBF7325DBA4CA001C1B1E /* ComicBook+CoreDataProperties.swift in Sources */,
				16068C0825D98AAB00C3040F /* ComicBookViewer.swift in Sources */,
				16747BEB25DA603C00663D3F /* BookCell.swift in Sources */,
				16C2016225CAB8A300D79C0F /* Page+CoreDataProperties.swift in Sources */,
				16068C1125D9913400C3040F /* CategoryTableDatasource.swift in Sources */,
				169C009025E239B3007BF9F2 /* DocumentPickerController.swift in Sources */,
				16489AD625C4366400143581 /* SceneDelegate.swift in Sources */,
				1641E59425E50ACC00F25450 /* PageView.swift in Sources */,
				16489AFE25C43C5900143581 /* ComicBookViewer.xcdatamodeld in Sources */,
				16B027F02619FB5F00364FDA /* TableView.swift in Sources */,
				1618DB2E263B73C600C393D8 /* PageViewLoadData.swift in Sources */,
				16747BE325DA5BF900663D3F /* BookTableDatasource.swift in Sources */,
				16068C0025D97FC500C3040F /* ComicBookController.swift in Sources */,
				16CBBF7725DBA5E8001C1B1E /* CreateComicBookView.swift in Sources */,
				16B02802261A03B500364FDA /* LoadComicBooks.swift in Sources */,
			);
			runOnlyForDeploymentPostprocessing = 0;
		};
/* End PBXSourcesBuildPhase section */

/* Begin PBXVariantGroup section */
		16489AD925C4366400143581 /* Main.storyboard */ = {
			isa = PBXVariantGroup;
			children = (
				16489ADA25C4366400143581 /* Base */,
			);
			name = Main.storyboard;
			sourceTree = "<group>";
		};
		16489ADE25C4366700143581 /* LaunchScreen.storyboard */ = {
			isa = PBXVariantGroup;
			children = (
				16489ADF25C4366700143581 /* Base */,
			);
			name = LaunchScreen.storyboard;
			sourceTree = "<group>";
		};
/* End PBXVariantGroup section */

/* Begin XCBuildConfiguration section */
		16489AE225C4366700143581 /* Debug */ = {
			isa = XCBuildConfiguration;
			buildSettings = {
				ALWAYS_SEARCH_USER_PATHS = NO;
				CLANG_ANALYZER_NONNULL = YES;
				CLANG_ANALYZER_NUMBER_OBJECT_CONVERSION = YES_AGGRESSIVE;
				CLANG_CXX_LANGUAGE_STANDARD = "gnu++14";
				CLANG_CXX_LIBRARY = "libc++";
				CLANG_ENABLE_MODULES = YES;
				CLANG_ENABLE_OBJC_ARC = YES;
				CLANG_ENABLE_OBJC_WEAK = YES;
				CLANG_WARN_BLOCK_CAPTURE_AUTORELEASING = YES;
				CLANG_WARN_BOOL_CONVERSION = YES;
				CLANG_WARN_COMMA = YES;
				CLANG_WARN_CONSTANT_CONVERSION = YES;
				CLANG_WARN_DEPRECATED_OBJC_IMPLEMENTATIONS = YES;
				CLANG_WARN_DIRECT_OBJC_ISA_USAGE = YES_ERROR;
				CLANG_WARN_DOCUMENTATION_COMMENTS = YES;
				CLANG_WARN_EMPTY_BODY = YES;
				CLANG_WARN_ENUM_CONVERSION = YES;
				CLANG_WARN_INFINITE_RECURSION = YES;
				CLANG_WARN_INT_CONVERSION = YES;
				CLANG_WARN_NON_LITERAL_NULL_CONVERSION = YES;
				CLANG_WARN_OBJC_IMPLICIT_RETAIN_SELF = YES;
				CLANG_WARN_OBJC_LITERAL_CONVERSION = YES;
				CLANG_WARN_OBJC_ROOT_CLASS = YES_ERROR;
				CLANG_WARN_QUOTED_INCLUDE_IN_FRAMEWORK_HEADER = YES;
				CLANG_WARN_RANGE_LOOP_ANALYSIS = YES;
				CLANG_WARN_STRICT_PROTOTYPES = YES;
				CLANG_WARN_SUSPICIOUS_MOVE = YES;
				CLANG_WARN_UNGUARDED_AVAILABILITY = YES_AGGRESSIVE;
				CLANG_WARN_UNREACHABLE_CODE = YES;
				CLANG_WARN__DUPLICATE_METHOD_MATCH = YES;
				COPY_PHASE_STRIP = NO;
				DEBUG_INFORMATION_FORMAT = dwarf;
				ENABLE_STRICT_OBJC_MSGSEND = YES;
				ENABLE_TESTABILITY = YES;
				GCC_C_LANGUAGE_STANDARD = gnu11;
				GCC_DYNAMIC_NO_PIC = NO;
				GCC_NO_COMMON_BLOCKS = YES;
				GCC_OPTIMIZATION_LEVEL = 0;
				GCC_PREPROCESSOR_DEFINITIONS = (
					"DEBUG=1",
					"$(inherited)",
				);
				GCC_WARN_64_TO_32_BIT_CONVERSION = YES;
				GCC_WARN_ABOUT_RETURN_TYPE = YES_ERROR;
				GCC_WARN_UNDECLARED_SELECTOR = YES;
				GCC_WARN_UNINITIALIZED_AUTOS = YES_AGGRESSIVE;
				GCC_WARN_UNUSED_FUNCTION = YES;
				GCC_WARN_UNUSED_VARIABLE = YES;
				IPHONEOS_DEPLOYMENT_TARGET = 14.4;
				MTL_ENABLE_DEBUG_INFO = INCLUDE_SOURCE;
				MTL_FAST_MATH = YES;
				ONLY_ACTIVE_ARCH = YES;
				SDKROOT = iphoneos;
				SWIFT_ACTIVE_COMPILATION_CONDITIONS = DEBUG;
				SWIFT_OPTIMIZATION_LEVEL = "-Onone";
			};
			name = Debug;
		};
		16489AE325C4366700143581 /* Release */ = {
			isa = XCBuildConfiguration;
			buildSettings = {
				ALWAYS_SEARCH_USER_PATHS = NO;
				CLANG_ANALYZER_NONNULL = YES;
				CLANG_ANALYZER_NUMBER_OBJECT_CONVERSION = YES_AGGRESSIVE;
				CLANG_CXX_LANGUAGE_STANDARD = "gnu++14";
				CLANG_CXX_LIBRARY = "libc++";
				CLANG_ENABLE_MODULES = YES;
				CLANG_ENABLE_OBJC_ARC = YES;
				CLANG_ENABLE_OBJC_WEAK = YES;
				CLANG_WARN_BLOCK_CAPTURE_AUTORELEASING = YES;
				CLANG_WARN_BOOL_CONVERSION = YES;
				CLANG_WARN_COMMA = YES;
				CLANG_WARN_CONSTANT_CONVERSION = YES;
				CLANG_WARN_DEPRECATED_OBJC_IMPLEMENTATIONS = YES;
				CLANG_WARN_DIRECT_OBJC_ISA_USAGE = YES_ERROR;
				CLANG_WARN_DOCUMENTATION_COMMENTS = YES;
				CLANG_WARN_EMPTY_BODY = YES;
				CLANG_WARN_ENUM_CONVERSION = YES;
				CLANG_WARN_INFINITE_RECURSION = YES;
				CLANG_WARN_INT_CONVERSION = YES;
				CLANG_WARN_NON_LITERAL_NULL_CONVERSION = YES;
				CLANG_WARN_OBJC_IMPLICIT_RETAIN_SELF = YES;
				CLANG_WARN_OBJC_LITERAL_CONVERSION = YES;
				CLANG_WARN_OBJC_ROOT_CLASS = YES_ERROR;
				CLANG_WARN_QUOTED_INCLUDE_IN_FRAMEWORK_HEADER = YES;
				CLANG_WARN_RANGE_LOOP_ANALYSIS = YES;
				CLANG_WARN_STRICT_PROTOTYPES = YES;
				CLANG_WARN_SUSPICIOUS_MOVE = YES;
				CLANG_WARN_UNGUARDED_AVAILABILITY = YES_AGGRESSIVE;
				CLANG_WARN_UNREACHABLE_CODE = YES;
				CLANG_WARN__DUPLICATE_METHOD_MATCH = YES;
				COPY_PHASE_STRIP = NO;
				DEBUG_INFORMATION_FORMAT = "dwarf-with-dsym";
				ENABLE_NS_ASSERTIONS = NO;
				ENABLE_STRICT_OBJC_MSGSEND = YES;
				GCC_C_LANGUAGE_STANDARD = gnu11;
				GCC_NO_COMMON_BLOCKS = YES;
				GCC_WARN_64_TO_32_BIT_CONVERSION = YES;
				GCC_WARN_ABOUT_RETURN_TYPE = YES_ERROR;
				GCC_WARN_UNDECLARED_SELECTOR = YES;
				GCC_WARN_UNINITIALIZED_AUTOS = YES_AGGRESSIVE;
				GCC_WARN_UNUSED_FUNCTION = YES;
				GCC_WARN_UNUSED_VARIABLE = YES;
				IPHONEOS_DEPLOYMENT_TARGET = 14.4;
				MTL_ENABLE_DEBUG_INFO = NO;
				MTL_FAST_MATH = YES;
				SDKROOT = iphoneos;
				SWIFT_COMPILATION_MODE = wholemodule;
				SWIFT_OPTIMIZATION_LEVEL = "-O";
				VALIDATE_PRODUCT = YES;
			};
			name = Release;
		};
		16489AE525C4366700143581 /* Debug */ = {
			isa = XCBuildConfiguration;
			buildSettings = {
				ASSETCATALOG_COMPILER_APPICON_NAME = AppIcon;
				ASSETCATALOG_COMPILER_GLOBAL_ACCENT_COLOR_NAME = AccentColor;
				CODE_SIGN_STYLE = Automatic;
				DEVELOPMENT_TEAM = Y2RWZF749M;
				INFOPLIST_FILE = CoreDataSample/Info.plist;
				LD_RUNPATH_SEARCH_PATHS = (
					"$(inherited)",
					"@executable_path/Frameworks",
				);
				PRODUCT_BUNDLE_IDENTIFIER = com.littlehj.CoreDataSample;
				PRODUCT_NAME = "$(TARGET_NAME)";
				SWIFT_VERSION = 5.0;
				TARGETED_DEVICE_FAMILY = "1,2";
			};
			name = Debug;
		};
		16489AE625C4366700143581 /* Release */ = {
			isa = XCBuildConfiguration;
			buildSettings = {
				ASSETCATALOG_COMPILER_APPICON_NAME = AppIcon;
				ASSETCATALOG_COMPILER_GLOBAL_ACCENT_COLOR_NAME = AccentColor;
				CODE_SIGN_STYLE = Automatic;
				DEVELOPMENT_TEAM = Y2RWZF749M;
				INFOPLIST_FILE = CoreDataSample/Info.plist;
				LD_RUNPATH_SEARCH_PATHS = (
					"$(inherited)",
					"@executable_path/Frameworks",
				);
				PRODUCT_BUNDLE_IDENTIFIER = com.littlehj.CoreDataSample;
				PRODUCT_NAME = "$(TARGET_NAME)";
				SWIFT_VERSION = 5.0;
				TARGETED_DEVICE_FAMILY = "1,2";
			};
			name = Release;
		};
/* End XCBuildConfiguration section */

/* Begin XCConfigurationList section */
		16489ACB25C4366400143581 /* Build configuration list for PBXProject "CoreDataSample" */ = {
			isa = XCConfigurationList;
			buildConfigurations = (
				16489AE225C4366700143581 /* Debug */,
				16489AE325C4366700143581 /* Release */,
			);
			defaultConfigurationIsVisible = 0;
			defaultConfigurationName = Release;
		};
		16489AE425C4366700143581 /* Build configuration list for PBXNativeTarget "CoreDataSample" */ = {
			isa = XCConfigurationList;
			buildConfigurations = (
				16489AE525C4366700143581 /* Debug */,
				16489AE625C4366700143581 /* Release */,
			);
			defaultConfigurationIsVisible = 0;
			defaultConfigurationName = Release;
		};
/* End XCConfigurationList section */

/* Begin XCVersionGroup section */
		16489AFC25C43C5900143581 /* ComicBookViewer.xcdatamodeld */ = {
			isa = XCVersionGroup;
			children = (
				16489AFD25C43C5900143581 /* ComicBookViewer.xcdatamodel */,
			);
			currentVersion = 16489AFD25C43C5900143581 /* ComicBookViewer.xcdatamodel */;
			path = ComicBookViewer.xcdatamodeld;
			sourceTree = "<group>";
			versionGroupType = wrapper.xcdatamodel;
		};
/* End XCVersionGroup section */
	};
	rootObject = 16489AC825C4366400143581 /* Project object */;
}
